
Microsoft Visual Studio Solution File, Format Version 12.00
# Visual Studio 15
VisualStudioVersion = 15.0.27130.2010
MinimumVisualStudioVersion = 10.0.40219.1
Project("{FAE04EC0-301F-11D3-BF4B-00C04F79EFBC}") = "Q1", "..\Q1\Q1.csproj", "{602BFC89-8254-41FD-92BB-3DC4DB362CD1}"
EndProject
Project("{FAE04EC0-301F-11D3-BF4B-00C04F79EFBC}") = "Q2", "..\Q2\Q2.csproj", "{A391A415-BE54-4A25-8178-DE3F34FC6CDE}"
EndProject
Global
	GlobalSection(SolutionConfigurationPlatforms) = preSolution
		Debug|Any CPU = Debug|Any CPU
		Release|Any CPU = Release|Any CPU
	EndGlobalSection
	GlobalSection(ProjectConfigurationPlatforms) = postSolution
		{602BFC89-8254-41FD-92BB-3DC4DB362CD1}.Debug|Any CPU.ActiveCfg = Debug|Any CPU
		{602BFC89-8254-41FD-92BB-3DC4DB362CD1}.Debug|Any CPU.Build.0 = Debug|Any CPU
		{602BFC89-8254-41FD-92BB-3DC4DB362CD1}.Release|Any CPU.ActiveCfg = Release|Any CPU
		{602BFC89-8254-41FD-92BB-3DC4DB362CD1}.Release|Any CPU.Build.0 = Release|Any CPU
		{A391A415-BE54-4A25-8178-DE3F34FC6CDE}.Debug|Any CPU.ActiveCfg = Debug|Any CPU
		{A391A415-BE54-4A25-8178-DE3F34FC6CDE}.Debug|Any CPU.Build.0 = Debug|Any CPU
		{A391A415-BE54-4A25-8178-DE3F34FC6CDE}.Release|Any CPU.ActiveCfg = Release|Any CPU
		{A391A415-BE54-4A25-8178-DE3F34FC6CDE}.Release|Any CPU.Build.0 = Release|Any CPU
	EndGlobalSection
	GlobalSection(SolutionProperties) = preSolution
		HideSolutionNode = FALSE
	EndGlobalSection
	GlobalSection(ExtensibilityGlobals) = postSolution
		SolutionGuid = {E1D36503-F649-4D41-8AEF-1FE3AD0C5DAD}
	EndGlobalSection
EndGlobal
